
Microsoft Visual Studio Solution File, Format Version 12.00
# Visual Studio Version 17
VisualStudioVersion = 17.7.34024.191
MinimumVisualStudioVersion = 10.0.40219.1
Project("{FAE04EC0-301F-11D3-BF4B-00C04F79EFBC}") = "NoteTaking", "NoteTaking\NoteTaking.csproj", "{D75C0A34-005A-472E-B5CA-9089FF82FF93}"
EndProject
Global
	GlobalSection(SolutionConfigurationPlatforms) = preSolution
		Debug|Any CPU = Debug|Any CPU
		Release|Any CPU = Release|Any CPU
	EndGlobalSection
	GlobalSection(ProjectConfigurationPlatforms) = postSolution
		{D75C0A34-005A-472E-B5CA-9089FF82FF93}.Debug|Any CPU.ActiveCfg = Debug|Any CPU
		{D75C0A34-005A-472E-B5CA-9089FF82FF93}.Debug|Any CPU.Build.0 = Debug|Any CPU
		{D75C0A34-005A-472E-B5CA-9089FF82FF93}.Release|Any CPU.ActiveCfg = Release|Any CPU
		{D75C0A34-005A-472E-B5CA-9089FF82FF93}.Release|Any CPU.Build.0 = Release|Any CPU
	EndGlobalSection
	GlobalSection(SolutionProperties) = preSolution
		HideSolutionNode = FALSE
	EndGlobalSection
	GlobalSection(ExtensibilityGlobals) = postSolution
		SolutionGuid = {40627488-F45F-4CE8-BDA8-5E762F26DD07}
	EndGlobalSection
EndGlobal
